406219:
  node_type: "IHACRESBilinearNode"
  area: 1985.73
  parameters:
    d: 205.9296682315772
    d2: 1.5219519661190162
    e: 1.0
    f: 1.1612900313855028
    a: 9.999999999175559
    b: 0.0011479482142380236
    storage_coef: 9.99999999952744
    alpha: 0.8917155227322869
  initial_storage: 100.0
  inlets: ~
  outlets:
    - "406000"
406000:
  node_type: "DamNode"
  area: 30.11
  parameters:
    storage_coef: 5.243068550275504
  initial_storage: 0.0
  max_storage: 306000.0
  functions:
    calc_dam_level: |-
      function c_dam_level(volume)
          return 156.8 + 0.9463 * volume^0.2922
      end
    calc_dam_area: |-
      function c_dam_area(volume)
          return 0.0021 * volume^0.762
      end
    calc_dam_discharge: |-
      function c_dam_discharge(volume, max_storage)
          discharge = 0.0
          if volume > max_storage
              discharge = 0.001492 * (volume - max_storage)^1.5280
          end

          return max(0.0, discharge)
      end
    calc_dam_outflow: |-
      function c_dam_outflow(discharge, irrigation_extraction)
          return discharge + irrigation_extraction
      end
  inlets:
    - "406219"
  outlets: ~